<?xml version="1.0" encoding="utf-8"?>
<Project ToolsVersion="4.0" xmlns="http://schemas.microsoft.com/developer/msbuild/2003">
  <ItemGroup>
    <Filter Include="Shaders">
      <UniqueIdentifier>{263185b4-905d-4eb0-8292-aa1f5867db48}</UniqueIdentifier>
    </Filter>
  </ItemGroup>
  <ItemGroup>
    <ClCompile Include="Main.cpp" />
    <ClCompile Include="MySuper3DApp.cpp" />
    <ClCompile Include="Game.cpp" />
    <ClCompile Include="InputDevice.cpp" />
  </ItemGroup>
  <ItemGroup>
    <FxCompile Include="Shaders\MyVeryFirstShader.hlsl" />
  </ItemGroup>
  <ItemGroup>
    <ClInclude Include="Game.h" />
    <ClInclude Include="InputDevice.h" />
  </ItemGroup>
</Project>